# This file is autogenerated, do not edit; changes may be undone by the next 'dep ensure'.


[[projects]]
  branch = "master"
  name = "golang.org/x/net"
  packages = [
    "context",
    "context/ctxhttp"
  ]
  revision = "136a25c244d3019482a795d728110278d6ba09a4"

[[projects]]
  branch = "master"
  name = "google.golang.org/api"
  packages = [
    "gensupport",
    "googleapi",
    "googleapi/internal/uritemplates",
    "googleapi/transport",
    "youtube/v3"
  ]
  revision = "c7a403bb5fe12fe4644bb956edd5cd677626120a"

[solve-meta]
  analyzer-name = "dep"
  analyzer-version = 1
  inputs-digest = "f5240f1d3e6b2b1a04f2ece3f4aa48e84ac3120585b6254ed13899cbb75c9baa"
  solver-name = "gps-cdcl"
  solver-version = 1
